
Microsoft Visual Studio Solution File, Format Version 12.00
# Visual Studio Version 17
VisualStudioVersion = 17.8.34316.72
MinimumVisualStudioVersion = 10.0.40219.1
Project("{FAE04EC0-301F-11D3-BF4B-00C04F79EFBC}") = "01-task", "01-task\01-task.csproj", "{96CA6435-3120-4ACF-8237-358EC53DD48D}"
EndProject
Project("{FAE04EC0-301F-11D3-BF4B-00C04F79EFBC}") = "02-task", "02-task\02-task.csproj", "{7693E536-5A39-47D3-91E8-51CB6DF1C727}"
EndProject
Project("{FAE04EC0-301F-11D3-BF4B-00C04F79EFBC}") = "03-task", "03-task\03-task.csproj", "{65759F93-31AE-4EC0-9E1B-3AD4CA464C44}"
EndProject
Project("{FAE04EC0-301F-11D3-BF4B-00C04F79EFBC}") = "04-task", "04-task\04-task.csproj", "{A9561A3E-2940-49A7-85FC-8306FDF8B118}"
EndProject
Project("{FAE04EC0-301F-11D3-BF4B-00C04F79EFBC}") = "05-task", "05-task\05-task.csproj", "{491095B5-E417-4A86-9A43-11797600F41E}"
EndProject
Project("{FAE04EC0-301F-11D3-BF4B-00C04F79EFBC}") = "06-task", "06-task\06-task.csproj", "{F27310B0-F4ED-4E33-A8CE-97C556ADB598}"
EndProject
Project("{FAE04EC0-301F-11D3-BF4B-00C04F79EFBC}") = "07-task", "07-task\07-task.csproj", "{1051B58F-C1AF-49B3-A523-BCB79A2C454D}"
EndProject
Project("{FAE04EC0-301F-11D3-BF4B-00C04F79EFBC}") = "08-task", "08-task\08-task.csproj", "{07C8B239-F532-4FE6-9E7B-D50C97B7197B}"
EndProject
Project("{FAE04EC0-301F-11D3-BF4B-00C04F79EFBC}") = "09-task", "09-task\09-task.csproj", "{402E4AFC-A36F-4282-9339-3FC64D34F059}"
EndProject
Project("{FAE04EC0-301F-11D3-BF4B-00C04F79EFBC}") = "10-task", "10-task\10-task.csproj", "{E9D550A3-5AF4-4FE0-9B6A-3A8D20A03C48}"
EndProject
Project("{FAE04EC0-301F-11D3-BF4B-00C04F79EFBC}") = "11-task", "11-task\11-task.csproj", "{C297D8DD-33D8-4394-A631-180059513779}"
EndProject
Project("{FAE04EC0-301F-11D3-BF4B-00C04F79EFBC}") = "12-task", "12-task\12-task.csproj", "{02C5E882-02A4-4493-9D44-43AF71F856AE}"
EndProject
Project("{FAE04EC0-301F-11D3-BF4B-00C04F79EFBC}") = "13-task", "13-task\13-task.csproj", "{54967372-B922-4321-BC0F-CF9347CA333A}"
EndProject
Project("{FAE04EC0-301F-11D3-BF4B-00C04F79EFBC}") = "14-task", "14-task\14-task.csproj", "{185BA6CB-73BE-43E9-AA10-AB1E3E6B37CE}"
EndProject
Project("{FAE04EC0-301F-11D3-BF4B-00C04F79EFBC}") = "15-task", "15-task\15-task.csproj", "{7EF73C31-368A-4F04-946C-9F6CF5CD4AB3}"
EndProject
Global
	GlobalSection(SolutionConfigurationPlatforms) = preSolution
		Debug|Any CPU = Debug|Any CPU
		Release|Any CPU = Release|Any CPU
	EndGlobalSection
	GlobalSection(ProjectConfigurationPlatforms) = postSolution
		{96CA6435-3120-4ACF-8237-358EC53DD48D}.Debug|Any CPU.ActiveCfg = Debug|Any CPU
		{96CA6435-3120-4ACF-8237-358EC53DD48D}.Debug|Any CPU.Build.0 = Debug|Any CPU
		{96CA6435-3120-4ACF-8237-358EC53DD48D}.Release|Any CPU.ActiveCfg = Release|Any CPU
		{96CA6435-3120-4ACF-8237-358EC53DD48D}.Release|Any CPU.Build.0 = Release|Any CPU
		{7693E536-5A39-47D3-91E8-51CB6DF1C727}.Debug|Any CPU.ActiveCfg = Debug|Any CPU
		{7693E536-5A39-47D3-91E8-51CB6DF1C727}.Debug|Any CPU.Build.0 = Debug|Any CPU
		{7693E536-5A39-47D3-91E8-51CB6DF1C727}.Release|Any CPU.ActiveCfg = Release|Any CPU
		{7693E536-5A39-47D3-91E8-51CB6DF1C727}.Release|Any CPU.Build.0 = Release|Any CPU
		{65759F93-31AE-4EC0-9E1B-3AD4CA464C44}.Debug|Any CPU.ActiveCfg = Debug|Any CPU
		{65759F93-31AE-4EC0-9E1B-3AD4CA464C44}.Debug|Any CPU.Build.0 = Debug|Any CPU
		{65759F93-31AE-4EC0-9E1B-3AD4CA464C44}.Release|Any CPU.ActiveCfg = Release|Any CPU
		{65759F93-31AE-4EC0-9E1B-3AD4CA464C44}.Release|Any CPU.Build.0 = Release|Any CPU
		{A9561A3E-2940-49A7-85FC-8306FDF8B118}.Debug|Any CPU.ActiveCfg = Debug|Any CPU
		{A9561A3E-2940-49A7-85FC-8306FDF8B118}.Debug|Any CPU.Build.0 = Debug|Any CPU
		{A9561A3E-2940-49A7-85FC-8306FDF8B118}.Release|Any CPU.ActiveCfg = Release|Any CPU
		{A9561A3E-2940-49A7-85FC-8306FDF8B118}.Release|Any CPU.Build.0 = Release|Any CPU
		{491095B5-E417-4A86-9A43-11797600F41E}.Debug|Any CPU.ActiveCfg = Debug|Any CPU
		{491095B5-E417-4A86-9A43-11797600F41E}.Debug|Any CPU.Build.0 = Debug|Any CPU
		{491095B5-E417-4A86-9A43-11797600F41E}.Release|Any CPU.ActiveCfg = Release|Any CPU
		{491095B5-E417-4A86-9A43-11797600F41E}.Release|Any CPU.Build.0 = Release|Any CPU
		{F27310B0-F4ED-4E33-A8CE-97C556ADB598}.Debug|Any CPU.ActiveCfg = Debug|Any CPU
		{F27310B0-F4ED-4E33-A8CE-97C556ADB598}.Debug|Any CPU.Build.0 = Debug|Any CPU
		{F27310B0-F4ED-4E33-A8CE-97C556ADB598}.Release|Any CPU.ActiveCfg = Release|Any CPU
		{F27310B0-F4ED-4E33-A8CE-97C556ADB598}.Release|Any CPU.Build.0 = Release|Any CPU
		{1051B58F-C1AF-49B3-A523-BCB79A2C454D}.Debug|Any CPU.ActiveCfg = Debug|Any CPU
		{1051B58F-C1AF-49B3-A523-BCB79A2C454D}.Debug|Any CPU.Build.0 = Debug|Any CPU
		{1051B58F-C1AF-49B3-A523-BCB79A2C454D}.Release|Any CPU.ActiveCfg = Release|Any CPU
		{1051B58F-C1AF-49B3-A523-BCB79A2C454D}.Release|Any CPU.Build.0 = Release|Any CPU
		{07C8B239-F532-4FE6-9E7B-D50C97B7197B}.Debug|Any CPU.ActiveCfg = Debug|Any CPU
		{07C8B239-F532-4FE6-9E7B-D50C97B7197B}.Debug|Any CPU.Build.0 = Debug|Any CPU
		{07C8B239-F532-4FE6-9E7B-D50C97B7197B}.Release|Any CPU.ActiveCfg = Release|Any CPU
		{07C8B239-F532-4FE6-9E7B-D50C97B7197B}.Release|Any CPU.Build.0 = Release|Any CPU
		{402E4AFC-A36F-4282-9339-3FC64D34F059}.Debug|Any CPU.ActiveCfg = Debug|Any CPU
		{402E4AFC-A36F-4282-9339-3FC64D34F059}.Debug|Any CPU.Build.0 = Debug|Any CPU
		{402E4AFC-A36F-4282-9339-3FC64D34F059}.Release|Any CPU.ActiveCfg = Release|Any CPU
		{402E4AFC-A36F-4282-9339-3FC64D34F059}.Release|Any CPU.Build.0 = Release|Any CPU
		{E9D550A3-5AF4-4FE0-9B6A-3A8D20A03C48}.Debug|Any CPU.ActiveCfg = Debug|Any CPU
		{E9D550A3-5AF4-4FE0-9B6A-3A8D20A03C48}.Debug|Any CPU.Build.0 = Debug|Any CPU
		{E9D550A3-5AF4-4FE0-9B6A-3A8D20A03C48}.Release|Any CPU.ActiveCfg = Release|Any CPU
		{E9D550A3-5AF4-4FE0-9B6A-3A8D20A03C48}.Release|Any CPU.Build.0 = Release|Any CPU
		{C297D8DD-33D8-4394-A631-180059513779}.Debug|Any CPU.ActiveCfg = Debug|Any CPU
		{C297D8DD-33D8-4394-A631-180059513779}.Debug|Any CPU.Build.0 = Debug|Any CPU
		{C297D8DD-33D8-4394-A631-180059513779}.Release|Any CPU.ActiveCfg = Release|Any CPU
		{C297D8DD-33D8-4394-A631-180059513779}.Release|Any CPU.Build.0 = Release|Any CPU
		{02C5E882-02A4-4493-9D44-43AF71F856AE}.Debug|Any CPU.ActiveCfg = Debug|Any CPU
		{02C5E882-02A4-4493-9D44-43AF71F856AE}.Debug|Any CPU.Build.0 = Debug|Any CPU
		{02C5E882-02A4-4493-9D44-43AF71F856AE}.Release|Any CPU.ActiveCfg = Release|Any CPU
		{02C5E882-02A4-4493-9D44-43AF71F856AE}.Release|Any CPU.Build.0 = Release|Any CPU
		{54967372-B922-4321-BC0F-CF9347CA333A}.Debug|Any CPU.ActiveCfg = Debug|Any CPU
		{54967372-B922-4321-BC0F-CF9347CA333A}.Debug|Any CPU.Build.0 = Debug|Any CPU
		{54967372-B922-4321-BC0F-CF9347CA333A}.Release|Any CPU.ActiveCfg = Release|Any CPU
		{54967372-B922-4321-BC0F-CF9347CA333A}.Release|Any CPU.Build.0 = Release|Any CPU
		{185BA6CB-73BE-43E9-AA10-AB1E3E6B37CE}.Debug|Any CPU.ActiveCfg = Debug|Any CPU
		{185BA6CB-73BE-43E9-AA10-AB1E3E6B37CE}.Debug|Any CPU.Build.0 = Debug|Any CPU
		{185BA6CB-73BE-43E9-AA10-AB1E3E6B37CE}.Release|Any CPU.ActiveCfg = Release|Any CPU
		{185BA6CB-73BE-43E9-AA10-AB1E3E6B37CE}.Release|Any CPU.Build.0 = Release|Any CPU
		{7EF73C31-368A-4F04-946C-9F6CF5CD4AB3}.Debug|Any CPU.ActiveCfg = Debug|Any CPU
		{7EF73C31-368A-4F04-946C-9F6CF5CD4AB3}.Debug|Any CPU.Build.0 = Debug|Any CPU
		{7EF73C31-368A-4F04-946C-9F6CF5CD4AB3}.Release|Any CPU.ActiveCfg = Release|Any CPU
		{7EF73C31-368A-4F04-946C-9F6CF5CD4AB3}.Release|Any CPU.Build.0 = Release|Any CPU
	EndGlobalSection
	GlobalSection(SolutionProperties) = preSolution
		HideSolutionNode = FALSE
	EndGlobalSection
	GlobalSection(ExtensibilityGlobals) = postSolution
		SolutionGuid = {F1CE16FA-DB8C-4A41-A133-CEF067F27C0E}
	EndGlobalSection
EndGlobal
